
Microsoft Visual Studio Solution File, Format Version 12.00
# Visual Studio Version 17
VisualStudioVersion = 17.0.31717.71
MinimumVisualStudioVersion = 10.0.40219.1
Project("{FAE04EC0-301F-11D3-BF4B-00C04F79EFBC}") = "07TODO", "07TODO\07TODO.csproj", "{43120E45-B5A3-44A7-9D9A-D9AF95EE1B57}"
EndProject
Project("{FAE04EC0-301F-11D3-BF4B-00C04F79EFBC}") = "071", "071\071.csproj", "{8C053205-6A5B-418A-9A09-DAACA64E613D}"
EndProject
Global
	GlobalSection(SolutionConfigurationPlatforms) = preSolution
		Debug|Any CPU = Debug|Any CPU
		Release|Any CPU = Release|Any CPU
	EndGlobalSection
	GlobalSection(ProjectConfigurationPlatforms) = postSolution
		{43120E45-B5A3-44A7-9D9A-D9AF95EE1B57}.Debug|Any CPU.ActiveCfg = Debug|Any CPU
		{43120E45-B5A3-44A7-9D9A-D9AF95EE1B57}.Debug|Any CPU.Build.0 = Debug|Any CPU
		{43120E45-B5A3-44A7-9D9A-D9AF95EE1B57}.Release|Any CPU.ActiveCfg = Release|Any CPU
		{43120E45-B5A3-44A7-9D9A-D9AF95EE1B57}.Release|Any CPU.Build.0 = Release|Any CPU
		{8C053205-6A5B-418A-9A09-DAACA64E613D}.Debug|Any CPU.ActiveCfg = Debug|Any CPU
		{8C053205-6A5B-418A-9A09-DAACA64E613D}.Debug|Any CPU.Build.0 = Debug|Any CPU
		{8C053205-6A5B-418A-9A09-DAACA64E613D}.Release|Any CPU.ActiveCfg = Release|Any CPU
		{8C053205-6A5B-418A-9A09-DAACA64E613D}.Release|Any CPU.Build.0 = Release|Any CPU
	EndGlobalSection
	GlobalSection(SolutionProperties) = preSolution
		HideSolutionNode = FALSE
	EndGlobalSection
	GlobalSection(ExtensibilityGlobals) = postSolution
		SolutionGuid = {77F1E094-33EA-4FDD-B8DF-A0EBB5214F07}
	EndGlobalSection
EndGlobal
