
Microsoft Visual Studio Solution File, Format Version 12.00
# Visual Studio Version 16
VisualStudioVersion = 16.0.31005.135
MinimumVisualStudioVersion = 10.0.40219.1
Project("{9A19103F-16F7-4668-BE54-9A1E7A4F7556}") = "02.1", "02.1\02.1.csproj", "{DD900442-43D8-43CC-A021-343DB2C9E390}"
EndProject
Project("{9A19103F-16F7-4668-BE54-9A1E7A4F7556}") = "02.5", "02.5\02.5.csproj", "{B1E89CFD-BA96-4747-9859-1507EC66514E}"
EndProject
Project("{9A19103F-16F7-4668-BE54-9A1E7A4F7556}") = "02.2", "02.2\02.2.csproj", "{5D67F380-9F1D-4C26-A77A-3E15519E84A2}"
EndProject
Project("{9A19103F-16F7-4668-BE54-9A1E7A4F7556}") = "02.2 Ex2", "02.2 Ex2\02.2 Ex2.csproj", "{9B83363D-789F-4F20-BD7A-93FF77E1FD6B}"
EndProject
Project("{9A19103F-16F7-4668-BE54-9A1E7A4F7556}") = "02.6", "02.6\02.6.csproj", "{DBE1FC03-EF14-44F6-8841-5693A7E05DDE}"
EndProject
Project("{9A19103F-16F7-4668-BE54-9A1E7A4F7556}") = "02.3", "02.3\02.3.csproj", "{E947C56D-3A36-4756-985B-871247F0C1C7}"
EndProject
Project("{FAE04EC0-301F-11D3-BF4B-00C04F79EFBC}") = "02.7", "02.7\02.7.csproj", "{EE2DC2AE-C7E0-4D1F-85B3-A844523E6B6B}"
EndProject
Global
	GlobalSection(SolutionConfigurationPlatforms) = preSolution
		Debug|Any CPU = Debug|Any CPU
		Release|Any CPU = Release|Any CPU
	EndGlobalSection
	GlobalSection(ProjectConfigurationPlatforms) = postSolution
		{DD900442-43D8-43CC-A021-343DB2C9E390}.Debug|Any CPU.ActiveCfg = Debug|Any CPU
		{DD900442-43D8-43CC-A021-343DB2C9E390}.Debug|Any CPU.Build.0 = Debug|Any CPU
		{DD900442-43D8-43CC-A021-343DB2C9E390}.Release|Any CPU.ActiveCfg = Release|Any CPU
		{DD900442-43D8-43CC-A021-343DB2C9E390}.Release|Any CPU.Build.0 = Release|Any CPU
		{B1E89CFD-BA96-4747-9859-1507EC66514E}.Debug|Any CPU.ActiveCfg = Debug|Any CPU
		{B1E89CFD-BA96-4747-9859-1507EC66514E}.Debug|Any CPU.Build.0 = Debug|Any CPU
		{B1E89CFD-BA96-4747-9859-1507EC66514E}.Release|Any CPU.ActiveCfg = Release|Any CPU
		{B1E89CFD-BA96-4747-9859-1507EC66514E}.Release|Any CPU.Build.0 = Release|Any CPU
		{5D67F380-9F1D-4C26-A77A-3E15519E84A2}.Debug|Any CPU.ActiveCfg = Debug|Any CPU
		{5D67F380-9F1D-4C26-A77A-3E15519E84A2}.Debug|Any CPU.Build.0 = Debug|Any CPU
		{5D67F380-9F1D-4C26-A77A-3E15519E84A2}.Release|Any CPU.ActiveCfg = Release|Any CPU
		{5D67F380-9F1D-4C26-A77A-3E15519E84A2}.Release|Any CPU.Build.0 = Release|Any CPU
		{9B83363D-789F-4F20-BD7A-93FF77E1FD6B}.Debug|Any CPU.ActiveCfg = Debug|Any CPU
		{9B83363D-789F-4F20-BD7A-93FF77E1FD6B}.Debug|Any CPU.Build.0 = Debug|Any CPU
		{9B83363D-789F-4F20-BD7A-93FF77E1FD6B}.Release|Any CPU.ActiveCfg = Release|Any CPU
		{9B83363D-789F-4F20-BD7A-93FF77E1FD6B}.Release|Any CPU.Build.0 = Release|Any CPU
		{DBE1FC03-EF14-44F6-8841-5693A7E05DDE}.Debug|Any CPU.ActiveCfg = Debug|Any CPU
		{DBE1FC03-EF14-44F6-8841-5693A7E05DDE}.Debug|Any CPU.Build.0 = Debug|Any CPU
		{DBE1FC03-EF14-44F6-8841-5693A7E05DDE}.Release|Any CPU.ActiveCfg = Release|Any CPU
		{DBE1FC03-EF14-44F6-8841-5693A7E05DDE}.Release|Any CPU.Build.0 = Release|Any CPU
		{E947C56D-3A36-4756-985B-871247F0C1C7}.Debug|Any CPU.ActiveCfg = Debug|Any CPU
		{E947C56D-3A36-4756-985B-871247F0C1C7}.Debug|Any CPU.Build.0 = Debug|Any CPU
		{E947C56D-3A36-4756-985B-871247F0C1C7}.Release|Any CPU.ActiveCfg = Release|Any CPU
		{E947C56D-3A36-4756-985B-871247F0C1C7}.Release|Any CPU.Build.0 = Release|Any CPU
		{EE2DC2AE-C7E0-4D1F-85B3-A844523E6B6B}.Debug|Any CPU.ActiveCfg = Debug|Any CPU
		{EE2DC2AE-C7E0-4D1F-85B3-A844523E6B6B}.Debug|Any CPU.Build.0 = Debug|Any CPU
		{EE2DC2AE-C7E0-4D1F-85B3-A844523E6B6B}.Release|Any CPU.ActiveCfg = Release|Any CPU
		{EE2DC2AE-C7E0-4D1F-85B3-A844523E6B6B}.Release|Any CPU.Build.0 = Release|Any CPU
	EndGlobalSection
	GlobalSection(SolutionProperties) = preSolution
		HideSolutionNode = FALSE
	EndGlobalSection
	GlobalSection(ExtensibilityGlobals) = postSolution
		SolutionGuid = {C03617A4-F561-40E5-AAE2-47ACB982D1C1}
	EndGlobalSection
EndGlobal
