
Microsoft Visual Studio Solution File, Format Version 12.00
# Visual Studio Version 17
VisualStudioVersion = 17.1.32104.313
MinimumVisualStudioVersion = 10.0.40219.1
Project("{FAE04EC0-301F-11D3-BF4B-00C04F79EFBC}") = "02.UnitTest", "02.UnitTest\02.UnitTest.csproj", "{DCF1CACA-8100-4755-9F9D-D3CEDFDBF3B9}"
EndProject
Project("{FAE04EC0-301F-11D3-BF4B-00C04F79EFBC}") = "DivTest", "DivTest\DivTest.csproj", "{CE729DD8-C4C8-48AC-8B84-E40877A93650}"
EndProject
Global
	GlobalSection(SolutionConfigurationPlatforms) = preSolution
		Debug|Any CPU = Debug|Any CPU
		Release|Any CPU = Release|Any CPU
	EndGlobalSection
	GlobalSection(ProjectConfigurationPlatforms) = postSolution
		{DCF1CACA-8100-4755-9F9D-D3CEDFDBF3B9}.Debug|Any CPU.ActiveCfg = Debug|Any CPU
		{DCF1CACA-8100-4755-9F9D-D3CEDFDBF3B9}.Debug|Any CPU.Build.0 = Debug|Any CPU
		{DCF1CACA-8100-4755-9F9D-D3CEDFDBF3B9}.Release|Any CPU.ActiveCfg = Release|Any CPU
		{DCF1CACA-8100-4755-9F9D-D3CEDFDBF3B9}.Release|Any CPU.Build.0 = Release|Any CPU
		{CE729DD8-C4C8-48AC-8B84-E40877A93650}.Debug|Any CPU.ActiveCfg = Debug|Any CPU
		{CE729DD8-C4C8-48AC-8B84-E40877A93650}.Debug|Any CPU.Build.0 = Debug|Any CPU
		{CE729DD8-C4C8-48AC-8B84-E40877A93650}.Release|Any CPU.ActiveCfg = Release|Any CPU
		{CE729DD8-C4C8-48AC-8B84-E40877A93650}.Release|Any CPU.Build.0 = Release|Any CPU
	EndGlobalSection
	GlobalSection(SolutionProperties) = preSolution
		HideSolutionNode = FALSE
	EndGlobalSection
	GlobalSection(ExtensibilityGlobals) = postSolution
		SolutionGuid = {D236A6E8-0223-42F7-8F2D-26F70A58FD9D}
	EndGlobalSection
EndGlobal
