
Microsoft Visual Studio Solution File, Format Version 12.00
# Visual Studio Version 17
VisualStudioVersion = 17.0.31521.260
MinimumVisualStudioVersion = 10.0.40219.1
Project("{9A19103F-16F7-4668-BE54-9A1E7A4F7556}") = "01", "01\01.csproj", "{994880EB-0E97-46C5-B4CA-181B67D65385}"
EndProject
Project("{9A19103F-16F7-4668-BE54-9A1E7A4F7556}") = "TestProject1", "TestProject1\TestProject1.csproj", "{37A2D984-4A63-4C89-8FD8-055CB06CAEB9}"
EndProject
Project("{FAE04EC0-301F-11D3-BF4B-00C04F79EFBC}") = "011", "011\011.csproj", "{F1D05BD8-9971-4357-8DCB-1ABB3D491887}"
EndProject
Global
	GlobalSection(SolutionConfigurationPlatforms) = preSolution
		Debug|Any CPU = Debug|Any CPU
		Release|Any CPU = Release|Any CPU
	EndGlobalSection
	GlobalSection(ProjectConfigurationPlatforms) = postSolution
		{994880EB-0E97-46C5-B4CA-181B67D65385}.Debug|Any CPU.ActiveCfg = Debug|Any CPU
		{994880EB-0E97-46C5-B4CA-181B67D65385}.Debug|Any CPU.Build.0 = Debug|Any CPU
		{994880EB-0E97-46C5-B4CA-181B67D65385}.Release|Any CPU.ActiveCfg = Release|Any CPU
		{994880EB-0E97-46C5-B4CA-181B67D65385}.Release|Any CPU.Build.0 = Release|Any CPU
		{37A2D984-4A63-4C89-8FD8-055CB06CAEB9}.Debug|Any CPU.ActiveCfg = Debug|Any CPU
		{37A2D984-4A63-4C89-8FD8-055CB06CAEB9}.Debug|Any CPU.Build.0 = Debug|Any CPU
		{37A2D984-4A63-4C89-8FD8-055CB06CAEB9}.Release|Any CPU.ActiveCfg = Release|Any CPU
		{37A2D984-4A63-4C89-8FD8-055CB06CAEB9}.Release|Any CPU.Build.0 = Release|Any CPU
		{F1D05BD8-9971-4357-8DCB-1ABB3D491887}.Debug|Any CPU.ActiveCfg = Debug|Any CPU
		{F1D05BD8-9971-4357-8DCB-1ABB3D491887}.Debug|Any CPU.Build.0 = Debug|Any CPU
		{F1D05BD8-9971-4357-8DCB-1ABB3D491887}.Release|Any CPU.ActiveCfg = Release|Any CPU
		{F1D05BD8-9971-4357-8DCB-1ABB3D491887}.Release|Any CPU.Build.0 = Release|Any CPU
	EndGlobalSection
	GlobalSection(SolutionProperties) = preSolution
		HideSolutionNode = FALSE
	EndGlobalSection
	GlobalSection(ExtensibilityGlobals) = postSolution
		SolutionGuid = {088AE376-16BE-4ABD-A527-11876FC3AED4}
	EndGlobalSection
EndGlobal
