
Microsoft Visual Studio Solution File, Format Version 12.00
# Visual Studio Version 17
VisualStudioVersion = 17.1.32104.313
MinimumVisualStudioVersion = 10.0.40219.1
Project("{FAE04EC0-301F-11D3-BF4B-00C04F79EFBC}") = "ConsoleMVC", "ConsoleMVC\ConsoleMVC.csproj", "{989C5656-9113-4B97-A18D-DF64DB580951}"
EndProject
Project("{FAE04EC0-301F-11D3-BF4B-00C04F79EFBC}") = "Ex01", "Ex01\Ex01.csproj", "{62692547-258B-4C4C-B250-20F4BED2489F}"
EndProject
Project("{FAE04EC0-301F-11D3-BF4B-00C04F79EFBC}") = "Ex02", "Ex02\Ex02.csproj", "{4EFABB20-E9F9-49DC-BACA-BB06CCDC6690}"
EndProject
Global
	GlobalSection(SolutionConfigurationPlatforms) = preSolution
		Debug|Any CPU = Debug|Any CPU
		Release|Any CPU = Release|Any CPU
	EndGlobalSection
	GlobalSection(ProjectConfigurationPlatforms) = postSolution
		{989C5656-9113-4B97-A18D-DF64DB580951}.Debug|Any CPU.ActiveCfg = Debug|Any CPU
		{989C5656-9113-4B97-A18D-DF64DB580951}.Debug|Any CPU.Build.0 = Debug|Any CPU
		{989C5656-9113-4B97-A18D-DF64DB580951}.Release|Any CPU.ActiveCfg = Release|Any CPU
		{989C5656-9113-4B97-A18D-DF64DB580951}.Release|Any CPU.Build.0 = Release|Any CPU
		{62692547-258B-4C4C-B250-20F4BED2489F}.Debug|Any CPU.ActiveCfg = Debug|Any CPU
		{62692547-258B-4C4C-B250-20F4BED2489F}.Debug|Any CPU.Build.0 = Debug|Any CPU
		{62692547-258B-4C4C-B250-20F4BED2489F}.Release|Any CPU.ActiveCfg = Release|Any CPU
		{62692547-258B-4C4C-B250-20F4BED2489F}.Release|Any CPU.Build.0 = Release|Any CPU
		{4EFABB20-E9F9-49DC-BACA-BB06CCDC6690}.Debug|Any CPU.ActiveCfg = Debug|Any CPU
		{4EFABB20-E9F9-49DC-BACA-BB06CCDC6690}.Debug|Any CPU.Build.0 = Debug|Any CPU
		{4EFABB20-E9F9-49DC-BACA-BB06CCDC6690}.Release|Any CPU.ActiveCfg = Release|Any CPU
		{4EFABB20-E9F9-49DC-BACA-BB06CCDC6690}.Release|Any CPU.Build.0 = Release|Any CPU
	EndGlobalSection
	GlobalSection(SolutionProperties) = preSolution
		HideSolutionNode = FALSE
	EndGlobalSection
	GlobalSection(ExtensibilityGlobals) = postSolution
		SolutionGuid = {F8EB4F8C-3066-4E72-976A-228089FC97AD}
	EndGlobalSection
EndGlobal
