
Microsoft Visual Studio Solution File, Format Version 12.00
# Visual Studio Version 16
VisualStudioVersion = 16.0.31005.135
MinimumVisualStudioVersion = 10.0.40219.1
Project("{9A19103F-16F7-4668-BE54-9A1E7A4F7556}") = "ex", "ex\ex.csproj", "{7896090F-E142-4268-BE1E-7096A6253EC4}"
EndProject
Project("{9A19103F-16F7-4668-BE54-9A1E7A4F7556}") = "Exam", "Exam\Exam.csproj", "{D5F8E167-47D6-4B21-B102-17517EEF3D31}"
EndProject
Project("{9A19103F-16F7-4668-BE54-9A1E7A4F7556}") = "Company", "Company\Company.csproj", "{24271637-8D2D-45ED-982B-0214AE14320D}"
EndProject
Project("{9A19103F-16F7-4668-BE54-9A1E7A4F7556}") = "CarStore", "CarStore\CarStore.csproj", "{9C6B796A-F125-4E71-9EF8-D21112A76FEA}"
EndProject
Project("{9A19103F-16F7-4668-BE54-9A1E7A4F7556}") = "Exx", "Exx\Exx.csproj", "{4FA403F0-7797-41F6-827B-5EA3A9AC1AB7}"
EndProject
Project("{9A19103F-16F7-4668-BE54-9A1E7A4F7556}") = "Kitchen", "Kitchen\Kitchen.csproj", "{051E6EC2-8F45-45E7-99AB-496E96A612F5}"
EndProject
Project("{FAE04EC0-301F-11D3-BF4B-00C04F79EFBC}") = "Pharmacy", "Pharmacy\Pharmacy.csproj", "{81CA6647-2C41-4724-9BE7-8165E7C934D3}"
EndProject
Project("{FAE04EC0-301F-11D3-BF4B-00C04F79EFBC}") = "Exam_Pharmacy", "Exam_Pharmacy\Exam_Pharmacy.csproj", "{69DB5768-0786-4592-B28D-9CF477F152C9}"
EndProject
Global
	GlobalSection(SolutionConfigurationPlatforms) = preSolution
		Debug|Any CPU = Debug|Any CPU
		Release|Any CPU = Release|Any CPU
	EndGlobalSection
	GlobalSection(ProjectConfigurationPlatforms) = postSolution
		{7896090F-E142-4268-BE1E-7096A6253EC4}.Debug|Any CPU.ActiveCfg = Debug|Any CPU
		{7896090F-E142-4268-BE1E-7096A6253EC4}.Debug|Any CPU.Build.0 = Debug|Any CPU
		{7896090F-E142-4268-BE1E-7096A6253EC4}.Release|Any CPU.ActiveCfg = Release|Any CPU
		{7896090F-E142-4268-BE1E-7096A6253EC4}.Release|Any CPU.Build.0 = Release|Any CPU
		{D5F8E167-47D6-4B21-B102-17517EEF3D31}.Debug|Any CPU.ActiveCfg = Debug|Any CPU
		{D5F8E167-47D6-4B21-B102-17517EEF3D31}.Debug|Any CPU.Build.0 = Debug|Any CPU
		{D5F8E167-47D6-4B21-B102-17517EEF3D31}.Release|Any CPU.ActiveCfg = Release|Any CPU
		{D5F8E167-47D6-4B21-B102-17517EEF3D31}.Release|Any CPU.Build.0 = Release|Any CPU
		{24271637-8D2D-45ED-982B-0214AE14320D}.Debug|Any CPU.ActiveCfg = Debug|Any CPU
		{24271637-8D2D-45ED-982B-0214AE14320D}.Debug|Any CPU.Build.0 = Debug|Any CPU
		{24271637-8D2D-45ED-982B-0214AE14320D}.Release|Any CPU.ActiveCfg = Release|Any CPU
		{24271637-8D2D-45ED-982B-0214AE14320D}.Release|Any CPU.Build.0 = Release|Any CPU
		{9C6B796A-F125-4E71-9EF8-D21112A76FEA}.Debug|Any CPU.ActiveCfg = Debug|Any CPU
		{9C6B796A-F125-4E71-9EF8-D21112A76FEA}.Debug|Any CPU.Build.0 = Debug|Any CPU
		{9C6B796A-F125-4E71-9EF8-D21112A76FEA}.Release|Any CPU.ActiveCfg = Release|Any CPU
		{9C6B796A-F125-4E71-9EF8-D21112A76FEA}.Release|Any CPU.Build.0 = Release|Any CPU
		{4FA403F0-7797-41F6-827B-5EA3A9AC1AB7}.Debug|Any CPU.ActiveCfg = Debug|Any CPU
		{4FA403F0-7797-41F6-827B-5EA3A9AC1AB7}.Debug|Any CPU.Build.0 = Debug|Any CPU
		{4FA403F0-7797-41F6-827B-5EA3A9AC1AB7}.Release|Any CPU.ActiveCfg = Release|Any CPU
		{4FA403F0-7797-41F6-827B-5EA3A9AC1AB7}.Release|Any CPU.Build.0 = Release|Any CPU
		{051E6EC2-8F45-45E7-99AB-496E96A612F5}.Debug|Any CPU.ActiveCfg = Debug|Any CPU
		{051E6EC2-8F45-45E7-99AB-496E96A612F5}.Debug|Any CPU.Build.0 = Debug|Any CPU
		{051E6EC2-8F45-45E7-99AB-496E96A612F5}.Release|Any CPU.ActiveCfg = Release|Any CPU
		{051E6EC2-8F45-45E7-99AB-496E96A612F5}.Release|Any CPU.Build.0 = Release|Any CPU
		{81CA6647-2C41-4724-9BE7-8165E7C934D3}.Debug|Any CPU.ActiveCfg = Debug|Any CPU
		{81CA6647-2C41-4724-9BE7-8165E7C934D3}.Debug|Any CPU.Build.0 = Debug|Any CPU
		{81CA6647-2C41-4724-9BE7-8165E7C934D3}.Release|Any CPU.ActiveCfg = Release|Any CPU
		{81CA6647-2C41-4724-9BE7-8165E7C934D3}.Release|Any CPU.Build.0 = Release|Any CPU
		{69DB5768-0786-4592-B28D-9CF477F152C9}.Debug|Any CPU.ActiveCfg = Debug|Any CPU
		{69DB5768-0786-4592-B28D-9CF477F152C9}.Debug|Any CPU.Build.0 = Debug|Any CPU
		{69DB5768-0786-4592-B28D-9CF477F152C9}.Release|Any CPU.ActiveCfg = Release|Any CPU
		{69DB5768-0786-4592-B28D-9CF477F152C9}.Release|Any CPU.Build.0 = Release|Any CPU
	EndGlobalSection
	GlobalSection(SolutionProperties) = preSolution
		HideSolutionNode = FALSE
	EndGlobalSection
	GlobalSection(ExtensibilityGlobals) = postSolution
		SolutionGuid = {3E88F9B7-43A2-4F11-99B2-9C9E33A20DEF}
	EndGlobalSection
EndGlobal
