
Microsoft Visual Studio Solution File, Format Version 12.00
# Visual Studio Version 17
VisualStudioVersion = 17.0.31717.71
MinimumVisualStudioVersion = 10.0.40219.1
Project("{9A19103F-16F7-4668-BE54-9A1E7A4F7556}") = "06", "06\06.csproj", "{FFE0947C-E599-4BDC-B013-445AED56C73A}"
EndProject
Project("{9A19103F-16F7-4668-BE54-9A1E7A4F7556}") = "06.1", "06.1\06.1.csproj", "{945865E0-4D83-44BC-8677-6931A93100F5}"
EndProject
Project("{9A19103F-16F7-4668-BE54-9A1E7A4F7556}") = "06.1.3", "06.1.3\06.1.3.csproj", "{730E7D3F-46C7-4007-8A24-3E047056FBAF}"
EndProject
Project("{9A19103F-16F7-4668-BE54-9A1E7A4F7556}") = "06.1.5", "06.1.5\06.1.5.csproj", "{4C7D4820-E005-46F2-9FB7-A25BF984368B}"
EndProject
Project("{9A19103F-16F7-4668-BE54-9A1E7A4F7556}") = "06.2", "06.2\06.2.csproj", "{B2AAE345-1172-4365-8781-E7AE2603BCCA}"
EndProject
Project("{9A19103F-16F7-4668-BE54-9A1E7A4F7556}") = "06.3", "06.3\06.3.csproj", "{59D59191-5847-4A58-AC37-760EC1A5823A}"
EndProject
Project("{FAE04EC0-301F-11D3-BF4B-00C04F79EFBC}") = "06.1.1", "06.1.1\06.1.1.csproj", "{4410A02D-81D0-4CB1-82B3-2A7505E92922}"
EndProject
Project("{FAE04EC0-301F-11D3-BF4B-00C04F79EFBC}") = "06.3.1", "06.3.1\06.3.1.csproj", "{8379052F-9D23-45CF-B538-D1D8F9E022F7}"
EndProject
Project("{FAE04EC0-301F-11D3-BF4B-00C04F79EFBC}") = "06.3.2", "06.3.2\06.3.2.csproj", "{569AD8D4-B955-4905-A159-7EB982BB2E6F}"
EndProject
Project("{FAE04EC0-301F-11D3-BF4B-00C04F79EFBC}") = "06.3.3", "06.3.3\06.3.3.csproj", "{350819E9-698C-4C1C-93D8-88B1EBB0DC38}"
EndProject
Global
	GlobalSection(SolutionConfigurationPlatforms) = preSolution
		Debug|Any CPU = Debug|Any CPU
		Release|Any CPU = Release|Any CPU
	EndGlobalSection
	GlobalSection(ProjectConfigurationPlatforms) = postSolution
		{FFE0947C-E599-4BDC-B013-445AED56C73A}.Debug|Any CPU.ActiveCfg = Debug|Any CPU
		{FFE0947C-E599-4BDC-B013-445AED56C73A}.Debug|Any CPU.Build.0 = Debug|Any CPU
		{FFE0947C-E599-4BDC-B013-445AED56C73A}.Release|Any CPU.ActiveCfg = Release|Any CPU
		{FFE0947C-E599-4BDC-B013-445AED56C73A}.Release|Any CPU.Build.0 = Release|Any CPU
		{945865E0-4D83-44BC-8677-6931A93100F5}.Debug|Any CPU.ActiveCfg = Debug|Any CPU
		{945865E0-4D83-44BC-8677-6931A93100F5}.Debug|Any CPU.Build.0 = Debug|Any CPU
		{945865E0-4D83-44BC-8677-6931A93100F5}.Release|Any CPU.ActiveCfg = Release|Any CPU
		{945865E0-4D83-44BC-8677-6931A93100F5}.Release|Any CPU.Build.0 = Release|Any CPU
		{730E7D3F-46C7-4007-8A24-3E047056FBAF}.Debug|Any CPU.ActiveCfg = Debug|Any CPU
		{730E7D3F-46C7-4007-8A24-3E047056FBAF}.Debug|Any CPU.Build.0 = Debug|Any CPU
		{730E7D3F-46C7-4007-8A24-3E047056FBAF}.Release|Any CPU.ActiveCfg = Release|Any CPU
		{730E7D3F-46C7-4007-8A24-3E047056FBAF}.Release|Any CPU.Build.0 = Release|Any CPU
		{4C7D4820-E005-46F2-9FB7-A25BF984368B}.Debug|Any CPU.ActiveCfg = Debug|Any CPU
		{4C7D4820-E005-46F2-9FB7-A25BF984368B}.Debug|Any CPU.Build.0 = Debug|Any CPU
		{4C7D4820-E005-46F2-9FB7-A25BF984368B}.Release|Any CPU.ActiveCfg = Release|Any CPU
		{4C7D4820-E005-46F2-9FB7-A25BF984368B}.Release|Any CPU.Build.0 = Release|Any CPU
		{B2AAE345-1172-4365-8781-E7AE2603BCCA}.Debug|Any CPU.ActiveCfg = Debug|Any CPU
		{B2AAE345-1172-4365-8781-E7AE2603BCCA}.Debug|Any CPU.Build.0 = Debug|Any CPU
		{B2AAE345-1172-4365-8781-E7AE2603BCCA}.Release|Any CPU.ActiveCfg = Release|Any CPU
		{B2AAE345-1172-4365-8781-E7AE2603BCCA}.Release|Any CPU.Build.0 = Release|Any CPU
		{59D59191-5847-4A58-AC37-760EC1A5823A}.Debug|Any CPU.ActiveCfg = Debug|Any CPU
		{59D59191-5847-4A58-AC37-760EC1A5823A}.Debug|Any CPU.Build.0 = Debug|Any CPU
		{59D59191-5847-4A58-AC37-760EC1A5823A}.Release|Any CPU.ActiveCfg = Release|Any CPU
		{59D59191-5847-4A58-AC37-760EC1A5823A}.Release|Any CPU.Build.0 = Release|Any CPU
		{4410A02D-81D0-4CB1-82B3-2A7505E92922}.Debug|Any CPU.ActiveCfg = Debug|Any CPU
		{4410A02D-81D0-4CB1-82B3-2A7505E92922}.Debug|Any CPU.Build.0 = Debug|Any CPU
		{4410A02D-81D0-4CB1-82B3-2A7505E92922}.Release|Any CPU.ActiveCfg = Release|Any CPU
		{4410A02D-81D0-4CB1-82B3-2A7505E92922}.Release|Any CPU.Build.0 = Release|Any CPU
		{8379052F-9D23-45CF-B538-D1D8F9E022F7}.Debug|Any CPU.ActiveCfg = Debug|Any CPU
		{8379052F-9D23-45CF-B538-D1D8F9E022F7}.Debug|Any CPU.Build.0 = Debug|Any CPU
		{8379052F-9D23-45CF-B538-D1D8F9E022F7}.Release|Any CPU.ActiveCfg = Release|Any CPU
		{8379052F-9D23-45CF-B538-D1D8F9E022F7}.Release|Any CPU.Build.0 = Release|Any CPU
		{569AD8D4-B955-4905-A159-7EB982BB2E6F}.Debug|Any CPU.ActiveCfg = Debug|Any CPU
		{569AD8D4-B955-4905-A159-7EB982BB2E6F}.Debug|Any CPU.Build.0 = Debug|Any CPU
		{569AD8D4-B955-4905-A159-7EB982BB2E6F}.Release|Any CPU.ActiveCfg = Release|Any CPU
		{569AD8D4-B955-4905-A159-7EB982BB2E6F}.Release|Any CPU.Build.0 = Release|Any CPU
		{350819E9-698C-4C1C-93D8-88B1EBB0DC38}.Debug|Any CPU.ActiveCfg = Debug|Any CPU
		{350819E9-698C-4C1C-93D8-88B1EBB0DC38}.Debug|Any CPU.Build.0 = Debug|Any CPU
		{350819E9-698C-4C1C-93D8-88B1EBB0DC38}.Release|Any CPU.ActiveCfg = Release|Any CPU
		{350819E9-698C-4C1C-93D8-88B1EBB0DC38}.Release|Any CPU.Build.0 = Release|Any CPU
	EndGlobalSection
	GlobalSection(SolutionProperties) = preSolution
		HideSolutionNode = FALSE
	EndGlobalSection
	GlobalSection(ExtensibilityGlobals) = postSolution
		SolutionGuid = {CDBA2E24-FBF3-4D4D-A8E9-EB86362B8AE9}
	EndGlobalSection
EndGlobal
