
Microsoft Visual Studio Solution File, Format Version 12.00
# Visual Studio Version 16
VisualStudioVersion = 16.0.31005.135
MinimumVisualStudioVersion = 10.0.40219.1
Project("{FAE04EC0-301F-11D3-BF4B-00C04F79EFBC}") = "Ex1", "Ex1\Ex1.csproj", "{2B794D3D-AECD-4688-B2CA-14C02BFFD2FD}"
EndProject
Project("{FAE04EC0-301F-11D3-BF4B-00C04F79EFBC}") = "Ex 3", "Ex 3\Ex 3.csproj", "{D1C48628-8AA7-4404-988C-CEC9C2561C6C}"
EndProject
Global
	GlobalSection(SolutionConfigurationPlatforms) = preSolution
		Debug|Any CPU = Debug|Any CPU
		Release|Any CPU = Release|Any CPU
	EndGlobalSection
	GlobalSection(ProjectConfigurationPlatforms) = postSolution
		{2B794D3D-AECD-4688-B2CA-14C02BFFD2FD}.Debug|Any CPU.ActiveCfg = Debug|Any CPU
		{2B794D3D-AECD-4688-B2CA-14C02BFFD2FD}.Debug|Any CPU.Build.0 = Debug|Any CPU
		{2B794D3D-AECD-4688-B2CA-14C02BFFD2FD}.Release|Any CPU.ActiveCfg = Release|Any CPU
		{2B794D3D-AECD-4688-B2CA-14C02BFFD2FD}.Release|Any CPU.Build.0 = Release|Any CPU
		{D1C48628-8AA7-4404-988C-CEC9C2561C6C}.Debug|Any CPU.ActiveCfg = Debug|Any CPU
		{D1C48628-8AA7-4404-988C-CEC9C2561C6C}.Debug|Any CPU.Build.0 = Debug|Any CPU
		{D1C48628-8AA7-4404-988C-CEC9C2561C6C}.Release|Any CPU.ActiveCfg = Release|Any CPU
		{D1C48628-8AA7-4404-988C-CEC9C2561C6C}.Release|Any CPU.Build.0 = Release|Any CPU
	EndGlobalSection
	GlobalSection(SolutionProperties) = preSolution
		HideSolutionNode = FALSE
	EndGlobalSection
	GlobalSection(ExtensibilityGlobals) = postSolution
		SolutionGuid = {DDB91CBD-CD06-4A9E-9994-EE564A1948ED}
	EndGlobalSection
EndGlobal
