
Microsoft Visual Studio Solution File, Format Version 12.00
# Visual Studio Version 16
VisualStudioVersion = 16.0.31005.135
MinimumVisualStudioVersion = 10.0.40219.1
Project("{9A19103F-16F7-4668-BE54-9A1E7A4F7556}") = "06.1.1", "06.1.1\06.1.1.csproj", "{E90B874E-FF43-4A3E-85C9-202E671B6694}"
EndProject
Project("{9A19103F-16F7-4668-BE54-9A1E7A4F7556}") = "06.1.2", "06.1.2\06.1.2.csproj", "{50E02818-897F-4182-BA8A-5C1E706FFD64}"
EndProject
Project("{9A19103F-16F7-4668-BE54-9A1E7A4F7556}") = "06.1.3", "06.1.3\06.1.3.csproj", "{4F6F44C4-24D1-4AC4-9325-B41287180C00}"
EndProject
Project("{9A19103F-16F7-4668-BE54-9A1E7A4F7556}") = "06.1.4", "06.1.4\06.1.4.csproj", "{61698EBA-D38B-4120-860B-8EC8092729B4}"
EndProject
Project("{FAE04EC0-301F-11D3-BF4B-00C04F79EFBC}") = "06.1.6", "06.1.6\06.1.6.csproj", "{EC180A8F-E5A6-43C5-BD01-7EC8ED8DE60A}"
EndProject
Project("{FAE04EC0-301F-11D3-BF4B-00C04F79EFBC}") = "06.2.3", "06.2.3\06.2.3.csproj", "{F8303096-1ED8-4122-AD8B-9D7D1CDAF006}"
EndProject
Global
	GlobalSection(SolutionConfigurationPlatforms) = preSolution
		Debug|Any CPU = Debug|Any CPU
		Release|Any CPU = Release|Any CPU
	EndGlobalSection
	GlobalSection(ProjectConfigurationPlatforms) = postSolution
		{E90B874E-FF43-4A3E-85C9-202E671B6694}.Debug|Any CPU.ActiveCfg = Debug|Any CPU
		{E90B874E-FF43-4A3E-85C9-202E671B6694}.Debug|Any CPU.Build.0 = Debug|Any CPU
		{E90B874E-FF43-4A3E-85C9-202E671B6694}.Release|Any CPU.ActiveCfg = Release|Any CPU
		{E90B874E-FF43-4A3E-85C9-202E671B6694}.Release|Any CPU.Build.0 = Release|Any CPU
		{50E02818-897F-4182-BA8A-5C1E706FFD64}.Debug|Any CPU.ActiveCfg = Debug|Any CPU
		{50E02818-897F-4182-BA8A-5C1E706FFD64}.Debug|Any CPU.Build.0 = Debug|Any CPU
		{50E02818-897F-4182-BA8A-5C1E706FFD64}.Release|Any CPU.ActiveCfg = Release|Any CPU
		{50E02818-897F-4182-BA8A-5C1E706FFD64}.Release|Any CPU.Build.0 = Release|Any CPU
		{4F6F44C4-24D1-4AC4-9325-B41287180C00}.Debug|Any CPU.ActiveCfg = Debug|Any CPU
		{4F6F44C4-24D1-4AC4-9325-B41287180C00}.Debug|Any CPU.Build.0 = Debug|Any CPU
		{4F6F44C4-24D1-4AC4-9325-B41287180C00}.Release|Any CPU.ActiveCfg = Release|Any CPU
		{4F6F44C4-24D1-4AC4-9325-B41287180C00}.Release|Any CPU.Build.0 = Release|Any CPU
		{61698EBA-D38B-4120-860B-8EC8092729B4}.Debug|Any CPU.ActiveCfg = Debug|Any CPU
		{61698EBA-D38B-4120-860B-8EC8092729B4}.Debug|Any CPU.Build.0 = Debug|Any CPU
		{61698EBA-D38B-4120-860B-8EC8092729B4}.Release|Any CPU.ActiveCfg = Release|Any CPU
		{61698EBA-D38B-4120-860B-8EC8092729B4}.Release|Any CPU.Build.0 = Release|Any CPU
		{EC180A8F-E5A6-43C5-BD01-7EC8ED8DE60A}.Debug|Any CPU.ActiveCfg = Debug|Any CPU
		{EC180A8F-E5A6-43C5-BD01-7EC8ED8DE60A}.Debug|Any CPU.Build.0 = Debug|Any CPU
		{EC180A8F-E5A6-43C5-BD01-7EC8ED8DE60A}.Release|Any CPU.ActiveCfg = Release|Any CPU
		{EC180A8F-E5A6-43C5-BD01-7EC8ED8DE60A}.Release|Any CPU.Build.0 = Release|Any CPU
		{F8303096-1ED8-4122-AD8B-9D7D1CDAF006}.Debug|Any CPU.ActiveCfg = Debug|Any CPU
		{F8303096-1ED8-4122-AD8B-9D7D1CDAF006}.Debug|Any CPU.Build.0 = Debug|Any CPU
		{F8303096-1ED8-4122-AD8B-9D7D1CDAF006}.Release|Any CPU.ActiveCfg = Release|Any CPU
		{F8303096-1ED8-4122-AD8B-9D7D1CDAF006}.Release|Any CPU.Build.0 = Release|Any CPU
	EndGlobalSection
	GlobalSection(SolutionProperties) = preSolution
		HideSolutionNode = FALSE
	EndGlobalSection
	GlobalSection(ExtensibilityGlobals) = postSolution
		SolutionGuid = {ADC3D897-0587-42C4-8EBE-7D9089A9C391}
	EndGlobalSection
EndGlobal
