
Microsoft Visual Studio Solution File, Format Version 12.00
# Visual Studio Version 16
VisualStudioVersion = 16.0.31005.135
MinimumVisualStudioVersion = 10.0.40219.1
Project("{FAE04EC0-301F-11D3-BF4B-00C04F79EFBC}") = "GermanWordLearner", "GermanWordLearner\GermanWordLearner.csproj", "{65A5BA36-B1EC-447E-9EA0-36CF71FC7835}"
EndProject
Global
	GlobalSection(SolutionConfigurationPlatforms) = preSolution
		Debug|Any CPU = Debug|Any CPU
		Release|Any CPU = Release|Any CPU
	EndGlobalSection
	GlobalSection(ProjectConfigurationPlatforms) = postSolution
		{65A5BA36-B1EC-447E-9EA0-36CF71FC7835}.Debug|Any CPU.ActiveCfg = Debug|Any CPU
		{65A5BA36-B1EC-447E-9EA0-36CF71FC7835}.Debug|Any CPU.Build.0 = Debug|Any CPU
		{65A5BA36-B1EC-447E-9EA0-36CF71FC7835}.Release|Any CPU.ActiveCfg = Release|Any CPU
		{65A5BA36-B1EC-447E-9EA0-36CF71FC7835}.Release|Any CPU.Build.0 = Release|Any CPU
	EndGlobalSection
	GlobalSection(SolutionProperties) = preSolution
		HideSolutionNode = FALSE
	EndGlobalSection
	GlobalSection(ExtensibilityGlobals) = postSolution
		SolutionGuid = {9B4FD2DC-B57D-4155-A61E-9ACD851F5C92}
	EndGlobalSection
EndGlobal
