
Microsoft Visual Studio Solution File, Format Version 12.00
# Visual Studio Version 17
VisualStudioVersion = 17.0.31717.71
MinimumVisualStudioVersion = 10.0.40219.1
Project("{9A19103F-16F7-4668-BE54-9A1E7A4F7556}") = "12", "12\12.csproj", "{DB71A142-0791-474A-91BE-3596A9AA7AB3}"
EndProject
Project("{9A19103F-16F7-4668-BE54-9A1E7A4F7556}") = "BrokerCCompanySystemCode", "BrokerCCompanySystemCode\BrokerCCompanySystemCode.csproj", "{5D19259F-D075-46C3-AE18-713EF72C8A76}"
EndProject
Project("{9A19103F-16F7-4668-BE54-9A1E7A4F7556}") = "StorageMaster", "StoreStructure\StorageMaster.csproj", "{3B187003-0D9E-4182-AF3E-51B9E49723EE}"
EndProject
Project("{9A19103F-16F7-4668-BE54-9A1E7A4F7556}") = "StoreSystem", "StoreSystem\StoreSystem.csproj", "{28E6BD72-053E-426E-B59F-4B5C00ED5E27}"
EndProject
Project("{FAE04EC0-301F-11D3-BF4B-00C04F79EFBC}") = "Village", "ConsoleApp1\Village.csproj", "{3FA59370-8F24-47D6-8387-BA06B2890CDA}"
EndProject
Global
	GlobalSection(SolutionConfigurationPlatforms) = preSolution
		Debug|Any CPU = Debug|Any CPU
		Release|Any CPU = Release|Any CPU
	EndGlobalSection
	GlobalSection(ProjectConfigurationPlatforms) = postSolution
		{DB71A142-0791-474A-91BE-3596A9AA7AB3}.Debug|Any CPU.ActiveCfg = Debug|Any CPU
		{DB71A142-0791-474A-91BE-3596A9AA7AB3}.Debug|Any CPU.Build.0 = Debug|Any CPU
		{DB71A142-0791-474A-91BE-3596A9AA7AB3}.Release|Any CPU.ActiveCfg = Release|Any CPU
		{DB71A142-0791-474A-91BE-3596A9AA7AB3}.Release|Any CPU.Build.0 = Release|Any CPU
		{5D19259F-D075-46C3-AE18-713EF72C8A76}.Debug|Any CPU.ActiveCfg = Debug|Any CPU
		{5D19259F-D075-46C3-AE18-713EF72C8A76}.Debug|Any CPU.Build.0 = Debug|Any CPU
		{5D19259F-D075-46C3-AE18-713EF72C8A76}.Release|Any CPU.ActiveCfg = Release|Any CPU
		{5D19259F-D075-46C3-AE18-713EF72C8A76}.Release|Any CPU.Build.0 = Release|Any CPU
		{3B187003-0D9E-4182-AF3E-51B9E49723EE}.Debug|Any CPU.ActiveCfg = Debug|Any CPU
		{3B187003-0D9E-4182-AF3E-51B9E49723EE}.Debug|Any CPU.Build.0 = Debug|Any CPU
		{3B187003-0D9E-4182-AF3E-51B9E49723EE}.Release|Any CPU.ActiveCfg = Release|Any CPU
		{3B187003-0D9E-4182-AF3E-51B9E49723EE}.Release|Any CPU.Build.0 = Release|Any CPU
		{28E6BD72-053E-426E-B59F-4B5C00ED5E27}.Debug|Any CPU.ActiveCfg = Debug|Any CPU
		{28E6BD72-053E-426E-B59F-4B5C00ED5E27}.Debug|Any CPU.Build.0 = Debug|Any CPU
		{28E6BD72-053E-426E-B59F-4B5C00ED5E27}.Release|Any CPU.ActiveCfg = Release|Any CPU
		{28E6BD72-053E-426E-B59F-4B5C00ED5E27}.Release|Any CPU.Build.0 = Release|Any CPU
		{3FA59370-8F24-47D6-8387-BA06B2890CDA}.Debug|Any CPU.ActiveCfg = Debug|Any CPU
		{3FA59370-8F24-47D6-8387-BA06B2890CDA}.Debug|Any CPU.Build.0 = Debug|Any CPU
		{3FA59370-8F24-47D6-8387-BA06B2890CDA}.Release|Any CPU.ActiveCfg = Release|Any CPU
		{3FA59370-8F24-47D6-8387-BA06B2890CDA}.Release|Any CPU.Build.0 = Release|Any CPU
	EndGlobalSection
	GlobalSection(SolutionProperties) = preSolution
		HideSolutionNode = FALSE
	EndGlobalSection
	GlobalSection(ExtensibilityGlobals) = postSolution
		SolutionGuid = {6B815743-5448-4CFD-B09B-B4EB1A255605}
	EndGlobalSection
EndGlobal
