
Microsoft Visual Studio Solution File, Format Version 12.00
# Visual Studio Version 16
VisualStudioVersion = 16.0.31005.135
MinimumVisualStudioVersion = 10.0.40219.1
Project("{FAE04EC0-301F-11D3-BF4B-00C04F79EFBC}") = "Ex1", "Ex1\Ex1.csproj", "{3F774273-22DE-4539-98F1-B4109091D736}"
EndProject
Project("{FAE04EC0-301F-11D3-BF4B-00C04F79EFBC}") = "Ex 3", "Ex 3\Ex 3.csproj", "{C00857BE-07F2-4A74-9159-A4895461E917}"
EndProject
Global
	GlobalSection(SolutionConfigurationPlatforms) = preSolution
		Debug|Any CPU = Debug|Any CPU
		Release|Any CPU = Release|Any CPU
	EndGlobalSection
	GlobalSection(ProjectConfigurationPlatforms) = postSolution
		{3F774273-22DE-4539-98F1-B4109091D736}.Debug|Any CPU.ActiveCfg = Debug|Any CPU
		{3F774273-22DE-4539-98F1-B4109091D736}.Debug|Any CPU.Build.0 = Debug|Any CPU
		{3F774273-22DE-4539-98F1-B4109091D736}.Release|Any CPU.ActiveCfg = Release|Any CPU
		{3F774273-22DE-4539-98F1-B4109091D736}.Release|Any CPU.Build.0 = Release|Any CPU
		{C00857BE-07F2-4A74-9159-A4895461E917}.Debug|Any CPU.ActiveCfg = Debug|Any CPU
		{C00857BE-07F2-4A74-9159-A4895461E917}.Debug|Any CPU.Build.0 = Debug|Any CPU
		{C00857BE-07F2-4A74-9159-A4895461E917}.Release|Any CPU.ActiveCfg = Release|Any CPU
		{C00857BE-07F2-4A74-9159-A4895461E917}.Release|Any CPU.Build.0 = Release|Any CPU
	EndGlobalSection
	GlobalSection(SolutionProperties) = preSolution
		HideSolutionNode = FALSE
	EndGlobalSection
	GlobalSection(ExtensibilityGlobals) = postSolution
		SolutionGuid = {1817E2AC-96A5-46D4-A36B-0F3B79FE32AA}
	EndGlobalSection
EndGlobal
